
Microsoft Visual Studio Solution File, Format Version 12.00
# Visual Studio Version 16
VisualStudioVersion = 16.0.29306.81
MinimumVisualStudioVersion = 10.0.40219.1
Project("{FAE04EC0-301F-11D3-BF4B-00C04F79EFBC}") = "ResearchPillDiary", "ResearchPillDiary.csproj", "{F5B1A0BA-BAB6-4AE3-B387-092C926811EC}"
EndProject
Global
	GlobalSection(SolutionConfigurationPlatforms) = preSolution
		Debug|Any CPU = Debug|Any CPU
		Release|Any CPU = Release|Any CPU
	EndGlobalSection
	GlobalSection(ProjectConfigurationPlatforms) = postSolution
		{F5B1A0BA-BAB6-4AE3-B387-092C926811EC}.Debug|Any CPU.ActiveCfg = Debug|Any CPU
		{F5B1A0BA-BAB6-4AE3-B387-092C926811EC}.Debug|Any CPU.Build.0 = Debug|Any CPU
		{F5B1A0BA-BAB6-4AE3-B387-092C926811EC}.Release|Any CPU.ActiveCfg = Release|Any CPU
		{F5B1A0BA-BAB6-4AE3-B387-092C926811EC}.Release|Any CPU.Build.0 = Release|Any CPU
	EndGlobalSection
	GlobalSection(SolutionProperties) = preSolution
		HideSolutionNode = FALSE
	EndGlobalSection
	GlobalSection(ExtensibilityGlobals) = postSolution
		SolutionGuid = {4CBEC99A-1B14-43AF-BBEE-D0D44F0E8EB1}
	EndGlobalSection
EndGlobal
